
Microsoft Visual Studio Solution File, Format Version 12.00
# Visual Studio Version 16
VisualStudioVersion = 16.0.30320.27
MinimumVisualStudioVersion = 10.0.40219.1
Project("{FAE04EC0-301F-11D3-BF4B-00C04F79EFBC}") = "PLAR_P2", "PLAR_P2\PLAR_P2.csproj", "{8BB936F1-0DFC-4F20-941C-AF5BA777D4CE}"
EndProject
Global
	GlobalSection(SolutionConfigurationPlatforms) = preSolution
		Debug|Any CPU = Debug|Any CPU
		Release|Any CPU = Release|Any CPU
	EndGlobalSection
	GlobalSection(ProjectConfigurationPlatforms) = postSolution
		{8BB936F1-0DFC-4F20-941C-AF5BA777D4CE}.Debug|Any CPU.ActiveCfg = Debug|Any CPU
		{8BB936F1-0DFC-4F20-941C-AF5BA777D4CE}.Debug|Any CPU.Build.0 = Debug|Any CPU
		{8BB936F1-0DFC-4F20-941C-AF5BA777D4CE}.Release|Any CPU.ActiveCfg = Release|Any CPU
		{8BB936F1-0DFC-4F20-941C-AF5BA777D4CE}.Release|Any CPU.Build.0 = Release|Any CPU
	EndGlobalSection
	GlobalSection(SolutionProperties) = preSolution
		HideSolutionNode = FALSE
	EndGlobalSection
	GlobalSection(ExtensibilityGlobals) = postSolution
		SolutionGuid = {6E40DBA1-20F2-4F96-9BB8-32839275B722}
	EndGlobalSection
EndGlobal
